PODS:
  - Flutter (1.0.0)
  - flutter_update (0.0.1):
    - Flutter

DEPENDENCIES:
  - Flutter (from `.symlinks/flutter/ios`)
  - flutter_update (from `.symlinks/plugins/flutter_update/ios`)

EXTERNAL SOURCES:
  Flutter:
    :path: ".symlinks/flutter/ios"
  flutter_update:
    :path: ".symlinks/plugins/flutter_update/ios"

SPEC CHECKSUMS:
  Flutter: 0e3d915762c693b495b44d77113d4970485de6ec
  flutter_update: 2437fac932ff2d3d5b142bc3ff8b9ced55adc478

PODFILE CHECKSUM: 10ae9c18d12c9ffc2275c9a159a3b1e281990db0

COCOAPODS: 1.8.4
